
Microsoft Visual Studio Solution File, Format Version 12.00
# Visual Studio Version 16
VisualStudioVersion = 25.0.1703.3
MinimumVisualStudioVersion = 10.0.40219.1
Project("{FAE04EC0-301F-11D3-BF4B-00C04F79EFBC}") = "FriendFace", "FriendFace\FriendFace.csproj", "{12148468-719A-475C-88BA-C1927E72E93D}"
EndProject
Global
	GlobalSection(SolutionConfigurationPlatforms) = preSolution
		Debug|Any CPU = Debug|Any CPU
		Release|Any CPU = Release|Any CPU
	EndGlobalSection
	GlobalSection(ProjectConfigurationPlatforms) = postSolution
		{12148468-719A-475C-88BA-C1927E72E93D}.Debug|Any CPU.ActiveCfg = Debug|Any CPU
		{12148468-719A-475C-88BA-C1927E72E93D}.Debug|Any CPU.Build.0 = Debug|Any CPU
		{12148468-719A-475C-88BA-C1927E72E93D}.Release|Any CPU.ActiveCfg = Release|Any CPU
		{12148468-719A-475C-88BA-C1927E72E93D}.Release|Any CPU.Build.0 = Release|Any CPU
	EndGlobalSection
	GlobalSection(SolutionProperties) = preSolution
		HideSolutionNode = FALSE
	EndGlobalSection
	GlobalSection(ExtensibilityGlobals) = postSolution
		SolutionGuid = {B38652D0-82D8-4A8A-BBFE-01C660A4ECD7}
	EndGlobalSection
EndGlobal
